
Microsoft Visual Studio Solution File, Format Version 12.00
# Visual Studio Version 17
VisualStudioVersion = 17.2.32630.192
MinimumVisualStudioVersion = 10.0.40219.1
Project("{9A19103F-16F7-4668-BE54-9A1E7A4F7556}") = "ClincAppointment", "ClincAppointment\ClincAppointment.csproj", "{759D2C88-032D-44EA-AA8E-212A7904C6AD}"
EndProject
Project("{9A19103F-16F7-4668-BE54-9A1E7A4F7556}") = "DAL", "DAL\DAL.csproj", "{6D58C4EB-958D-4D64-A249-C285C3DDCB12}"
EndProject
Project("{FAE04EC0-301F-11D3-BF4B-00C04F79EFBC}") = "BL", "BL\BL.csproj", "{FFFD69CF-0824-4D16-BE34-914834BF7C01}"
EndProject
Global
	GlobalSection(SolutionConfigurationPlatforms) = preSolution
		Debug|Any CPU = Debug|Any CPU
		Release|Any CPU = Release|Any CPU
	EndGlobalSection
	GlobalSection(ProjectConfigurationPlatforms) = postSolution
		{759D2C88-032D-44EA-AA8E-212A7904C6AD}.Debug|Any CPU.ActiveCfg = Debug|Any CPU
		{759D2C88-032D-44EA-AA8E-212A7904C6AD}.Debug|Any CPU.Build.0 = Debug|Any CPU
		{759D2C88-032D-44EA-AA8E-212A7904C6AD}.Release|Any CPU.ActiveCfg = Release|Any CPU
		{759D2C88-032D-44EA-AA8E-212A7904C6AD}.Release|Any CPU.Build.0 = Release|Any CPU
		{6D58C4EB-958D-4D64-A249-C285C3DDCB12}.Debug|Any CPU.ActiveCfg = Debug|Any CPU
		{6D58C4EB-958D-4D64-A249-C285C3DDCB12}.Debug|Any CPU.Build.0 = Debug|Any CPU
		{6D58C4EB-958D-4D64-A249-C285C3DDCB12}.Release|Any CPU.ActiveCfg = Release|Any CPU
		{6D58C4EB-958D-4D64-A249-C285C3DDCB12}.Release|Any CPU.Build.0 = Release|Any CPU
		{FFFD69CF-0824-4D16-BE34-914834BF7C01}.Debug|Any CPU.ActiveCfg = Debug|Any CPU
		{FFFD69CF-0824-4D16-BE34-914834BF7C01}.Debug|Any CPU.Build.0 = Debug|Any CPU
		{FFFD69CF-0824-4D16-BE34-914834BF7C01}.Release|Any CPU.ActiveCfg = Release|Any CPU
		{FFFD69CF-0824-4D16-BE34-914834BF7C01}.Release|Any CPU.Build.0 = Release|Any CPU
	EndGlobalSection
	GlobalSection(SolutionProperties) = preSolution
		HideSolutionNode = FALSE
	EndGlobalSection
	GlobalSection(ExtensibilityGlobals) = postSolution
		SolutionGuid = {1AF29554-E524-4BEA-B40F-DF0581687381}
	EndGlobalSection
EndGlobal
